// !$*UTF8*$!
{
	archiveVersion = 1;
	classes = {
	};
	objectVersion = 50;
	objects = {

/* Begin PBXBuildFile section */
		A7052A2224C6284E00D0FDE5 /* AppDelegate.swift in Sources */ = {isa = PBXBuildFile; fileRef = A7052A2124C6284E00D0FDE5 /* AppDelegate.swift */; };
		A7052A2424C6284E00D0FDE5 /* SceneDelegate.swift in Sources */ = {isa = PBXBuildFile; fileRef = A7052A2324C6284E00D0FDE5 /* SceneDelegate.swift */; };
		A7052A2624C6284E00D0FDE5 /* ContentView.swift in Sources */ = {isa = PBXBuildFile; fileRef = A7052A2524C6284E00D0FDE5 /* ContentView.swift */; };
		A7052A2824C6285400D0FDE5 /* Assets.xcassets in Resources */ = {isa = PBXBuildFile; fileRef = A7052A2724C6285400D0FDE5 /* Assets.xcassets */; };
		A7052A2B24C6285500D0FDE5 /* Preview Assets.xcassets in Resources */ = {isa = PBXBuildFile; fileRef = A7052A2A24C6285500D0FDE5 /* Preview Assets.xcassets */; };
		A7052A2E24C6285500D0FDE5 /* LaunchScreen.storyboard in Resources */ = {isa = PBXBuildFile; fileRef = A7052A2C24C6285500D0FDE5 /* LaunchScreen.storyboard */; };
/* End PBXBuildFile section */

/* Begin PBXFileReference section */
		A7052A1E24C6284E00D0FDE5 /* Looking Up.app */ = {isa = PBXFileReference; explicitFileType = wrapper.application; includeInIndex = 0; path = "Looking Up.app"; sourceTree = BUILT_PRODUCTS_DIR; };
		A7052A2124C6284E00D0FDE5 /* AppDelegate.swift */ = {isa = PBXFileReference; lastKnownFileType = sourcecode.swift; path = AppDelegate.swift; sourceTree = "<group>"; };
		A7052A2324C6284E00D0FDE5 /* SceneDelegate.swift */ = {isa = PBXFileReference; lastKnownFileType = sourcecode.swift; path = SceneDelegate.swift; sourceTree = "<group>"; };
		A7052A2524C6284E00D0FDE5 /* ContentView.swift */ = {isa = PBXFileReference; lastKnownFileType = sourcecode.swift; path = ContentView.swift; sourceTree = "<group>"; };
		A7052A2724C6285400D0FDE5 /* Assets.xcassets */ = {isa = PBXFileReference; lastKnownFileType = folder.assetcatalog; path = Assets.xcassets; sourceTree = "<group>"; };
		A7052A2A24C6285500D0FDE5 /* Preview Assets.xcassets */ = {isa = PBXFileReference; lastKnownFileType = folder.assetcatalog; path = "Preview Assets.xcassets"; sourceTree = "<group>"; };
		A7052A2D24C6285500D0FDE5 /* Base */ = {isa = PBXFileReference; lastKnownFileType = file.storyboard; name = Base; path = Base.lproj/LaunchScreen.storyboard; sourceTree = "<group>"; };
		A7052A2F24C6285500D0FDE5 /* Info.plist */ = {isa = PBXFileReference; lastKnownFileType = text.plist.xml; path = Info.plist; sourceTree = "<group>"; };
/* End PBXFileReference section */

/* Begin PBXFrameworksBuildPhase section */
		A7052A1B24C6284E00D0FDE5 /* Frameworks */ = {
			isa = PBXFrameworksBuildPhase;
			buildActionMask = 2147483647;
			files = (
			);
			runOnlyForDeploymentPostprocessing = 0;
		};
/* End PBXFrameworksBuildPhase section */

/* Begin PBXGroup section */
		A7052A1524C6284E00D0FDE5 = {
			isa = PBXGroup;
			children = (
				A7052A2024C6284E00D0FDE5 /* Looking Up */,
				A7052A1F24C6284E00D0FDE5 /* Products */,
			);
			sourceTree = "<group>";
		};
		A7052A1F24C6284E00D0FDE5 /* Products */ = {
			isa = PBXGroup;
			children = (
				A7052A1E24C6284E00D0FDE5 /* Looking Up.app */,
			);
			name = Products;
			sourceTree = "<group>";
		};
		A7052A2024C6284E00D0FDE5 /* Looking Up */ = {
			isa = PBXGroup;
			children = (
				A7052A2124C6284E00D0FDE5 /* AppDelegate.swift */,
				A7052A2324C6284E00D0FDE5 /* SceneDelegate.swift */,
				A7052A2524C6284E00D0FDE5 /* ContentView.swift */,
				A7052A2724C6285400D0FDE5 /* Assets.xcassets */,
				A7052A2C24C6285500D0FDE5 /* LaunchScreen.storyboard */,
				A7052A2F24C6285500D0FDE5 /* Info.plist */,
				A7052A2924C6285500D0FDE5 /* Preview Content */,
			);
			path = "Looking Up";
			sourceTree = "<group>";
		};
		A7052A2924C6285500D0FDE5 /* Preview Content */ = {
			isa = PBXGroup;
			children = (
				A7052A2A24C6285500D0FDE5 /* Preview Assets.xcassets */,
			);
			path = "Preview Content";
			sourceTree = "<group>";
		};
/* End PBXGroup section */

/* Begin PBXNativeTarget section */
		A7052A1D24C6284E00D0FDE5 /* Looking Up */ = {
			isa = PBXNativeTarget;
			buildConfigurationList = A7052A3224C6285500D0FDE5 /* Build configuration list for PBXNativeTarget "Looking Up" */;
			buildPhases = (
				A7052A1A24C6284E00D0FDE5 /* Sources */,
				A7052A1B24C6284E00D0FDE5 /* Frameworks */,
				A7052A1C24C6284E00D0FDE5 /* Resources */,
			);
			buildRules = (
			);
			dependencies = (
			);
			name = "Looking Up";
			productName = "Looking Up";
			productReference = A7052A1E24C6284E00D0FDE5 /* Looking Up.app */;
			productType = "com.apple.product-type.application";
		};
/* End PBXNativeTarget section */

/* Begin PBXProject section */
		A7052A1624C6284E00D0FDE5 /* Project object */ = {
			isa = PBXProject;
			attributes = {
				LastSwiftUpdateCheck = 1150;
				LastUpgradeCheck = 1150;
				ORGANIZATIONNAME = "Shannon Crowley";
				TargetAttributes = {
					A7052A1D24C6284E00D0FDE5 = {
						CreatedOnToolsVersion = 11.5;
					};
				};
			};
			buildConfigurationList = A7052A1924C6284E00D0FDE5 /* Build configuration list for PBXProject "Looking Up" */;
			compatibilityVersion = "Xcode 9.3";
			developmentRegion = en;
			hasScannedForEncodings = 0;
			knownRegions = (
				en,
				Base,
			);
			mainGroup = A7052A1524C6284E00D0FDE5;
			productRefGroup = A7052A1F24C6284E00D0FDE5 /* Products */;
			projectDirPath = "";
			projectRoot = "";
			targets = (
				A7052A1D24C6284E00D0FDE5 /* Looking Up */,
			);
		};
/* End PBXProject section */

/* Begin PBXResourcesBuildPhase section */
		A7052A1C24C6284E00D0FDE5 /* Resources */ = {
			isa = PBXResourcesBuildPhase;
			buildActionMask = 2147483647;
			files = (
				A7052A2E24C6285500D0FDE5 /* LaunchScreen.storyboard in Resources */,
				A7052A2B24C6285500D0FDE5 /* Preview Assets.xcassets in Resources */,
				A7052A2824C6285400D0FDE5 /* Assets.xcassets in Resources */,
			);
			runOnlyForDeploymentPostprocessing = 0;
		};
/* End PBXResourcesBuildPhase section */

/* Begin PBXSourcesBuildPhase section */
		A7052A1A24C6284E00D0FDE5 /* Sources */ = {
			isa = PBXSourcesBuildPhase;
			buildActionMask = 2147483647;
			files = (
				A7052A2224C6284E00D0FDE5 /* AppDelegate.swift in Sources */,
				A7052A2424C6284E00D0FDE5 /* SceneDelegate.swift in Sources */,
				A7052A2624C6284E00D0FDE5 /* ContentView.swift in Sources */,
			);
			runOnlyForDeploymentPostprocessing = 0;
		};
/* End PBXSourcesBuildPhase section */

/* Begin PBXVariantGroup section */
		A7052A2C24C6285500D0FDE5 /* LaunchScreen.storyboard */ = {
			isa = PBXVariantGroup;
			children = (
				A7052A2D24C6285500D0FDE5 /* Base */,
			);
			name = LaunchScreen.storyboard;
			sourceTree = "<group>";
		};
/* End PBXVariantGroup section */

/* Begin XCBuildConfiguration section */
		A7052A3024C6285500D0FDE5 /* Debug */ = {
			isa = XCBuildConfiguration;
			buildSettings = {
				ALWAYS_SEARCH_USER_PATHS = NO;
				CLANG_ANALYZER_NONNULL = YES;
				CLANG_ANALYZER_NUMBER_OBJECT_CONVERSION = YES_AGGRESSIVE;
				CLANG_CXX_LANGUAGE_STANDARD = "gnu++14";
				CLANG_CXX_LIBRARY = "libc++";
				CLANG_ENABLE_MODULES = YES;
				CLANG_ENABLE_OBJC_ARC = YES;
				CLANG_ENABLE_OBJC_WEAK = YES;
				CLANG_WARN_BLOCK_CAPTURE_AUTORELEASING = YES;
				CLANG_WARN_BOOL_CONVERSION = YES;
				CLANG_WARN_COMMA = YES;
				CLANG_WARN_CONSTANT_CONVERSION = YES;
				CLANG_WARN_DEPRECATED_OBJC_IMPLEMENTATIONS = YES;
				CLANG_WARN_DIRECT_OBJC_ISA_USAGE = YES_ERROR;
				CLANG_WARN_DOCUMENTATION_COMMENTS = YES;
				CLANG_WARN_EMPTY_BODY = YES;
				CLANG_WARN_ENUM_CONVERSION = YES;
				CLANG_WARN_INFINITE_RECURSION = YES;
				CLANG_WARN_INT_CONVERSION = YES;
				CLANG_WARN_NON_LITERAL_NULL_CONVERSION = YES;
				CLANG_WARN_OBJC_IMPLICIT_RETAIN_SELF = YES;
				CLANG_WARN_OBJC_LITERAL_CONVERSION = YES;
				CLANG_WARN_OBJC_ROOT_CLASS = YES_ERROR;
				CLANG_WARN_RANGE_LOOP_ANALYSIS = YES;
				CLANG_WARN_STRICT_PROTOTYPES = YES;
				CLANG_WARN_SUSPICIOUS_MOVE = YES;
				CLANG_WARN_UNGUARDED_AVAILABILITY = YES_AGGRESSIVE;
				CLANG_WARN_UNREACHABLE_CODE = YES;
				CLANG_WARN__DUPLICATE_METHOD_MATCH = YES;
				COPY_PHASE_STRIP = NO;
				DEBUG_INFORMATION_FORMAT = dwarf;
				ENABLE_STRICT_OBJC_MSGSEND = YES;
				ENABLE_TESTABILITY = YES;
				GCC_C_LANGUAGE_STANDARD = gnu11;
				GCC_DYNAMIC_NO_PIC = NO;
				GCC_NO_COMMON_BLOCKS = YES;
				GCC_OPTIMIZATION_LEVEL = 0;
				GCC_PREPROCESSOR_DEFINITIONS = (
					"DEBUG=1",
					"$(inherited)",
				);
				GCC_WARN_64_TO_32_BIT_CONVERSION = YES;
				GCC_WARN_ABOUT_RETURN_TYPE = YES_ERROR;
				GCC_WARN_UNDECLARED_SELECTOR = YES;
				GCC_WARN_UNINITIALIZED_AUTOS = YES_AGGRESSIVE;
				GCC_WARN_UNUSED_FUNCTION = YES;
				GCC_WARN_UNUSED_VARIABLE = YES;
				IPHONEOS_DEPLOYMENT_TARGET = 13.5;
				MTL_ENABLE_DEBUG_INFO = INCLUDE_SOURCE;
				MTL_FAST_MATH = YES;
				ONLY_ACTIVE_ARCH = YES;
				SDKROOT = iphoneos;
				SWIFT_ACTIVE_COMPILATION_CONDITIONS = DEBUG;
				SWIFT_OPTIMIZATION_LEVEL = "-Onone";
			};
			name = Debug;
		};
		A7052A3124C6285500D0FDE5 /* Release */ = {
			isa = XCBuildConfiguration;
			buildSettings = {
				ALWAYS_SEARCH_USER_PATHS = NO;
				CLANG_ANALYZER_NONNULL = YES;
				CLANG_ANALYZER_NUMBER_OBJECT_CONVERSION = YES_AGGRESSIVE;
				CLANG_CXX_LANGUAGE_STANDARD = "gnu++14";
				CLANG_CXX_LIBRARY = "libc++";
				CLANG_ENABLE_MODULES = YES;
				CLANG_ENABLE_OBJC_ARC = YES;
				CLANG_ENABLE_OBJC_WEAK = YES;
				CLANG_WARN_BLOCK_CAPTURE_AUTORELEASING = YES;
				CLANG_WARN_BOOL_CONVERSION = YES;
				CLANG_WARN_COMMA = YES;
				CLANG_WARN_CONSTANT_CONVERSION = YES;
				CLANG_WARN_DEPRECATED_OBJC_IMPLEMENTATIONS = YES;
				CLANG_WARN_DIRECT_OBJC_ISA_USAGE = YES_ERROR;
				CLANG_WARN_DOCUMENTATION_COMMENTS = YES;
				CLANG_WARN_EMPTY_BODY = YES;
				CLANG_WARN_ENUM_CONVERSION = YES;
				CLANG_WARN_INFINITE_RECURSION = YES;
				CLANG_WARN_INT_CONVERSION = YES;
				CLANG_WARN_NON_LITERAL_NULL_CONVERSION = YES;
				CLANG_WARN_OBJC_IMPLICIT_RETAIN_SELF = YES;
				CLANG_WARN_OBJC_LITERAL_CONVERSION = YES;
				CLANG_WARN_OBJC_ROOT_CLASS = YES_ERROR;
				CLANG_WARN_RANGE_LOOP_ANALYSIS = YES;
				CLANG_WARN_STRICT_PROTOTYPES = YES;
				CLANG_WARN_SUSPICIOUS_MOVE = YES;
				CLANG_WARN_UNGUARDED_AVAILABILITY = YES_AGGRESSIVE;
				CLANG_WARN_UNREACHABLE_CODE = YES;
				CLANG_WARN__DUPLICATE_METHOD_MATCH = YES;
				COPY_PHASE_STRIP = NO;
				DEBUG_INFORMATION_FORMAT = "dwarf-with-dsym";
				ENABLE_NS_ASSERTIONS = NO;
				ENABLE_STRICT_OBJC_MSGSEND = YES;
				GCC_C_LANGUAGE_STANDARD = gnu11;
				GCC_NO_COMMON_BLOCKS = YES;
				GCC_WARN_64_TO_32_BIT_CONVERSION = YES;
				GCC_WARN_ABOUT_RETURN_TYPE = YES_ERROR;
				GCC_WARN_UNDECLARED_SELECTOR = YES;
				GCC_WARN_UNINITIALIZED_AUTOS = YES_AGGRESSIVE;
				GCC_WARN_UNUSED_FUNCTION = YES;
				GCC_WARN_UNUSED_VARIABLE = YES;
				IPHONEOS_DEPLOYMENT_TARGET = 13.5;
				MTL_ENABLE_DEBUG_INFO = NO;
				MTL_FAST_MATH = YES;
				SDKROOT = iphoneos;
				SWIFT_COMPILATION_MODE = wholemodule;
				SWIFT_OPTIMIZATION_LEVEL = "-O";
				VALIDATE_PRODUCT = YES;
			};
			name = Release;
		};
		A7052A3324C6285500D0FDE5 /* Debug */ = {
			isa = XCBuildConfiguration;
			buildSettings = {
				ASSETCATALOG_COMPILER_APPICON_NAME = AppIcon;
				CODE_SIGN_STYLE = Automatic;
				DEVELOPMENT_ASSET_PATHS = "\"Looking Up/Preview Content\"";
				ENABLE_PREVIEWS = YES;
				INFOPLIST_FILE = "Looking Up/Info.plist";
				LD_RUNPATH_SEARCH_PATHS = (
					"$(inherited)",
					"@executable_path/Frameworks",
				);
				PRODUCT_BUNDLE_IDENTIFIER = "scrowley.Looking-Up";
				PRODUCT_NAME = "$(TARGET_NAME)";
				SWIFT_VERSION = 5.0;
				TARGETED_DEVICE_FAMILY = "1,2";
			};
			name = Debug;
		};
		A7052A3424C6285500D0FDE5 /* Release */ = {
			isa = XCBuildConfiguration;
			buildSettings = {
				ASSETCATALOG_COMPILER_APPICON_NAME = AppIcon;
				CODE_SIGN_STYLE = Automatic;
				DEVELOPMENT_ASSET_PATHS = "\"Looking Up/Preview Content\"";
				ENABLE_PREVIEWS = YES;
				INFOPLIST_FILE = "Looking Up/Info.plist";
				LD_RUNPATH_SEARCH_PATHS = (
					"$(inherited)",
					"@executable_path/Frameworks",
				);
				PRODUCT_BUNDLE_IDENTIFIER = "scrowley.Looking-Up";
				PRODUCT_NAME = "$(TARGET_NAME)";
				SWIFT_VERSION = 5.0;
				TARGETED_DEVICE_FAMILY = "1,2";
			};
			name = Release;
		};
/* End XCBuildConfiguration section */

/* Begin XCConfigurationList section */
		A7052A1924C6284E00D0FDE5 /* Build configuration list for PBXProject "Looking Up" */ = {
			isa = XCConfigurationList;
			buildConfigurations = (
				A7052A3024C6285500D0FDE5 /* Debug */,
				A7052A3124C6285500D0FDE5 /* Release */,
			);
			defaultConfigurationIsVisible = 0;
			defaultConfigurationName = Release;
		};
		A7052A3224C6285500D0FDE5 /* Build configuration list for PBXNativeTarget "Looking Up" */ = {
			isa = XCConfigurationList;
			buildConfigurations = (
				A7052A3324C6285500D0FDE5 /* Debug */,
				A7052A3424C6285500D0FDE5 /* Release */,
			);
			defaultConfigurationIsVisible = 0;
			defaultConfigurationName = Release;
		};
/* End XCConfigurationList section */
	};
	rootObject = A7052A1624C6284E00D0FDE5 /* Project object */;
}
